
Microsoft Visual Studio Solution File, Format Version 12.00
# Visual Studio Version 16
VisualStudioVersion = 16.0.29709.97
MinimumVisualStudioVersion = 10.0.40219.1
Project("{FAE04EC0-301F-11D3-BF4B-00C04F79EFBC}") = "ISS", "ISS.csproj", "{2C1CBA4F-BAD7-4311-A0E4-14C5CFFCD861}"
EndProject
Global
	GlobalSection(SolutionConfigurationPlatforms) = preSolution
		Debug|x86 = Debug|x86
		Release|x86 = Release|x86
	EndGlobalSection
	GlobalSection(ProjectConfigurationPlatforms) = postSolution
		{2C1CBA4F-BAD7-4311-A0E4-14C5CFFCD861}.Debug|x86.ActiveCfg = Debug|x86
		{2C1CBA4F-BAD7-4311-A0E4-14C5CFFCD861}.Debug|x86.Build.0 = Debug|x86
		{2C1CBA4F-BAD7-4311-A0E4-14C5CFFCD861}.Release|x86.ActiveCfg = Release|x86
		{2C1CBA4F-BAD7-4311-A0E4-14C5CFFCD861}.Release|x86.Build.0 = Release|x86
	EndGlobalSection
	GlobalSection(SolutionProperties) = preSolution
		HideSolutionNode = FALSE
	EndGlobalSection
	GlobalSection(ExtensibilityGlobals) = postSolution
		SolutionGuid = {B4485F0C-A1C2-4303-8490-227ACC81CC5F}
	EndGlobalSection
EndGlobal
